
Microsoft Visual Studio Solution File, Format Version 12.00
# Visual Studio Version 17
VisualStudioVersion = 17.7.34202.233
MinimumVisualStudioVersion = 10.0.40219.1
Project("{FAE04EC0-301F-11D3-BF4B-00C04F79EFBC}") = "Product", "Product.csproj", "{7ABCA56E-C971-4AAA-A9C0-0A19D9E893A7}"
EndProject
Global
	GlobalSection(SolutionConfigurationPlatforms) = preSolution
		Debug|Any CPU = Debug|Any CPU
		Release|Any CPU = Release|Any CPU
	EndGlobalSection
	GlobalSection(ProjectConfigurationPlatforms) = postSolution
		{7ABCA56E-C971-4AAA-A9C0-0A19D9E893A7}.Debug|Any CPU.ActiveCfg = Debug|Any CPU
		{7ABCA56E-C971-4AAA-A9C0-0A19D9E893A7}.Debug|Any CPU.Build.0 = Debug|Any CPU
		{7ABCA56E-C971-4AAA-A9C0-0A19D9E893A7}.Release|Any CPU.ActiveCfg = Release|Any CPU
		{7ABCA56E-C971-4AAA-A9C0-0A19D9E893A7}.Release|Any CPU.Build.0 = Release|Any CPU
	EndGlobalSection
	GlobalSection(SolutionProperties) = preSolution
		HideSolutionNode = FALSE
	EndGlobalSection
	GlobalSection(ExtensibilityGlobals) = postSolution
		SolutionGuid = {FD8797BA-B9E8-4688-A606-0CEFE197B6CE}
	EndGlobalSection
EndGlobal
