
Microsoft Visual Studio Solution File, Format Version 12.00
# Visual Studio Version 17
VisualStudioVersion = 17.7.34202.233
MinimumVisualStudioVersion = 10.0.40219.1
Project("{FAE04EC0-301F-11D3-BF4B-00C04F79EFBC}") = "Agent", "Agent.csproj", "{1ECD04B4-05E3-407E-9FB3-5CFF4706C22D}"
EndProject
Global
	GlobalSection(SolutionConfigurationPlatforms) = preSolution
		Debug|Any CPU = Debug|Any CPU
		Release|Any CPU = Release|Any CPU
	EndGlobalSection
	GlobalSection(ProjectConfigurationPlatforms) = postSolution
		{1ECD04B4-05E3-407E-9FB3-5CFF4706C22D}.Debug|Any CPU.ActiveCfg = Debug|Any CPU
		{1ECD04B4-05E3-407E-9FB3-5CFF4706C22D}.Debug|Any CPU.Build.0 = Debug|Any CPU
		{1ECD04B4-05E3-407E-9FB3-5CFF4706C22D}.Release|Any CPU.ActiveCfg = Release|Any CPU
		{1ECD04B4-05E3-407E-9FB3-5CFF4706C22D}.Release|Any CPU.Build.0 = Release|Any CPU
	EndGlobalSection
	GlobalSection(SolutionProperties) = preSolution
		HideSolutionNode = FALSE
	EndGlobalSection
	GlobalSection(ExtensibilityGlobals) = postSolution
		SolutionGuid = {06A9F40E-F540-4160-BF60-DB7B89A50718}
	EndGlobalSection
EndGlobal
