
Microsoft Visual Studio Solution File, Format Version 12.00
# Visual Studio Version 17
VisualStudioVersion = 17.7.34202.233
MinimumVisualStudioVersion = 10.0.40219.1
Project("{FAE04EC0-301F-11D3-BF4B-00C04F79EFBC}") = "Book CLass", "Book CLass.csproj", "{7A1426D6-B00B-47FF-99D6-5CA7A19760DA}"
EndProject
Global
	GlobalSection(SolutionConfigurationPlatforms) = preSolution
		Debug|Any CPU = Debug|Any CPU
		Release|Any CPU = Release|Any CPU
	EndGlobalSection
	GlobalSection(ProjectConfigurationPlatforms) = postSolution
		{7A1426D6-B00B-47FF-99D6-5CA7A19760DA}.Debug|Any CPU.ActiveCfg = Debug|Any CPU
		{7A1426D6-B00B-47FF-99D6-5CA7A19760DA}.Debug|Any CPU.Build.0 = Debug|Any CPU
		{7A1426D6-B00B-47FF-99D6-5CA7A19760DA}.Release|Any CPU.ActiveCfg = Release|Any CPU
		{7A1426D6-B00B-47FF-99D6-5CA7A19760DA}.Release|Any CPU.Build.0 = Release|Any CPU
	EndGlobalSection
	GlobalSection(SolutionProperties) = preSolution
		HideSolutionNode = FALSE
	EndGlobalSection
	GlobalSection(ExtensibilityGlobals) = postSolution
		SolutionGuid = {C16AC1AA-9F87-4F3F-AB06-C54849D6671D}
	EndGlobalSection
EndGlobal
