
Microsoft Visual Studio Solution File, Format Version 12.00
# Visual Studio Version 17
VisualStudioVersion = 17.7.34202.233
MinimumVisualStudioVersion = 10.0.40219.1
Project("{FAE04EC0-301F-11D3-BF4B-00C04F79EFBC}") = "Gauge", "Gauge.csproj", "{7C6C14BA-1ACD-428C-875B-699191418B27}"
EndProject
Global
	GlobalSection(SolutionConfigurationPlatforms) = preSolution
		Debug|Any CPU = Debug|Any CPU
		Release|Any CPU = Release|Any CPU
	EndGlobalSection
	GlobalSection(ProjectConfigurationPlatforms) = postSolution
		{7C6C14BA-1ACD-428C-875B-699191418B27}.Debug|Any CPU.ActiveCfg = Debug|Any CPU
		{7C6C14BA-1ACD-428C-875B-699191418B27}.Debug|Any CPU.Build.0 = Debug|Any CPU
		{7C6C14BA-1ACD-428C-875B-699191418B27}.Release|Any CPU.ActiveCfg = Release|Any CPU
		{7C6C14BA-1ACD-428C-875B-699191418B27}.Release|Any CPU.Build.0 = Release|Any CPU
	EndGlobalSection
	GlobalSection(SolutionProperties) = preSolution
		HideSolutionNode = FALSE
	EndGlobalSection
	GlobalSection(ExtensibilityGlobals) = postSolution
		SolutionGuid = {F3E662EE-04FC-47CA-AF92-573305128010}
	EndGlobalSection
EndGlobal
