
Microsoft Visual Studio Solution File, Format Version 12.00
# Visual Studio Version 17
VisualStudioVersion = 17.7.34202.233
MinimumVisualStudioVersion = 10.0.40219.1
Project("{FAE04EC0-301F-11D3-BF4B-00C04F79EFBC}") = "Windows_Calculator", "Windows_Calculator.csproj", "{F2EC40BC-B6D3-4DA5-A93A-0E4F4C5A3AF8}"
EndProject
Global
	GlobalSection(SolutionConfigurationPlatforms) = preSolution
		Debug|Any CPU = Debug|Any CPU
		Release|Any CPU = Release|Any CPU
	EndGlobalSection
	GlobalSection(ProjectConfigurationPlatforms) = postSolution
		{F2EC40BC-B6D3-4DA5-A93A-0E4F4C5A3AF8}.Debug|Any CPU.ActiveCfg = Debug|Any CPU
		{F2EC40BC-B6D3-4DA5-A93A-0E4F4C5A3AF8}.Debug|Any CPU.Build.0 = Debug|Any CPU
		{F2EC40BC-B6D3-4DA5-A93A-0E4F4C5A3AF8}.Release|Any CPU.ActiveCfg = Release|Any CPU
		{F2EC40BC-B6D3-4DA5-A93A-0E4F4C5A3AF8}.Release|Any CPU.Build.0 = Release|Any CPU
	EndGlobalSection
	GlobalSection(SolutionProperties) = preSolution
		HideSolutionNode = FALSE
	EndGlobalSection
	GlobalSection(ExtensibilityGlobals) = postSolution
		SolutionGuid = {C8A4C889-58B1-4F2B-A2A1-5CEAF978301F}
	EndGlobalSection
EndGlobal
