
Microsoft Visual Studio Solution File, Format Version 12.00
# Visual Studio Version 17
VisualStudioVersion = 17.7.34202.233
MinimumVisualStudioVersion = 10.0.40219.1
Project("{FAE04EC0-301F-11D3-BF4B-00C04F79EFBC}") = "Form1", "Form1.csproj", "{73722FED-B6D1-45CD-9E81-90A2EF9F70AD}"
EndProject
Global
	GlobalSection(SolutionConfigurationPlatforms) = preSolution
		Debug|Any CPU = Debug|Any CPU
		Release|Any CPU = Release|Any CPU
	EndGlobalSection
	GlobalSection(ProjectConfigurationPlatforms) = postSolution
		{73722FED-B6D1-45CD-9E81-90A2EF9F70AD}.Debug|Any CPU.ActiveCfg = Debug|Any CPU
		{73722FED-B6D1-45CD-9E81-90A2EF9F70AD}.Debug|Any CPU.Build.0 = Debug|Any CPU
		{73722FED-B6D1-45CD-9E81-90A2EF9F70AD}.Release|Any CPU.ActiveCfg = Release|Any CPU
		{73722FED-B6D1-45CD-9E81-90A2EF9F70AD}.Release|Any CPU.Build.0 = Release|Any CPU
	EndGlobalSection
	GlobalSection(SolutionProperties) = preSolution
		HideSolutionNode = FALSE
	EndGlobalSection
	GlobalSection(ExtensibilityGlobals) = postSolution
		SolutionGuid = {C1D10306-79DE-4C13-A726-FC89A8828354}
	EndGlobalSection
EndGlobal
