
Microsoft Visual Studio Solution File, Format Version 12.00
# Visual Studio Version 17
VisualStudioVersion = 17.7.34202.233
MinimumVisualStudioVersion = 10.0.40219.1
Project("{FAE04EC0-301F-11D3-BF4B-00C04F79EFBC}") = "ErrorHanding", "ErrorHanding.csproj", "{2BF56F0A-9D74-460D-A212-8CAC1797A5B1}"
EndProject
Global
	GlobalSection(SolutionConfigurationPlatforms) = preSolution
		Debug|Any CPU = Debug|Any CPU
		Release|Any CPU = Release|Any CPU
	EndGlobalSection
	GlobalSection(ProjectConfigurationPlatforms) = postSolution
		{2BF56F0A-9D74-460D-A212-8CAC1797A5B1}.Debug|Any CPU.ActiveCfg = Debug|Any CPU
		{2BF56F0A-9D74-460D-A212-8CAC1797A5B1}.Debug|Any CPU.Build.0 = Debug|Any CPU
		{2BF56F0A-9D74-460D-A212-8CAC1797A5B1}.Release|Any CPU.ActiveCfg = Release|Any CPU
		{2BF56F0A-9D74-460D-A212-8CAC1797A5B1}.Release|Any CPU.Build.0 = Release|Any CPU
	EndGlobalSection
	GlobalSection(SolutionProperties) = preSolution
		HideSolutionNode = FALSE
	EndGlobalSection
	GlobalSection(ExtensibilityGlobals) = postSolution
		SolutionGuid = {E9A6DB5A-2463-4176-93A6-27512AF45940}
	EndGlobalSection
EndGlobal
