
Microsoft Visual Studio Solution File, Format Version 12.00
# Visual Studio Version 17
VisualStudioVersion = 17.7.34202.233
MinimumVisualStudioVersion = 10.0.40219.1
Project("{FAE04EC0-301F-11D3-BF4B-00C04F79EFBC}") = "using_If_else", "using_If_else.csproj", "{1A58838F-A771-4A40-A5D8-4C34CFC9B960}"
EndProject
Global
	GlobalSection(SolutionConfigurationPlatforms) = preSolution
		Debug|Any CPU = Debug|Any CPU
		Release|Any CPU = Release|Any CPU
	EndGlobalSection
	GlobalSection(ProjectConfigurationPlatforms) = postSolution
		{1A58838F-A771-4A40-A5D8-4C34CFC9B960}.Debug|Any CPU.ActiveCfg = Debug|Any CPU
		{1A58838F-A771-4A40-A5D8-4C34CFC9B960}.Debug|Any CPU.Build.0 = Debug|Any CPU
		{1A58838F-A771-4A40-A5D8-4C34CFC9B960}.Release|Any CPU.ActiveCfg = Release|Any CPU
		{1A58838F-A771-4A40-A5D8-4C34CFC9B960}.Release|Any CPU.Build.0 = Release|Any CPU
	EndGlobalSection
	GlobalSection(SolutionProperties) = preSolution
		HideSolutionNode = FALSE
	EndGlobalSection
	GlobalSection(ExtensibilityGlobals) = postSolution
		SolutionGuid = {6B4772EA-DC6D-48DA-9DD2-B624D6F71C25}
	EndGlobalSection
EndGlobal
