
Microsoft Visual Studio Solution File, Format Version 12.00
# Visual Studio Version 17
VisualStudioVersion = 17.7.34202.233
MinimumVisualStudioVersion = 10.0.40219.1
Project("{FAE04EC0-301F-11D3-BF4B-00C04F79EFBC}") = "Checking Balance", "Checking Balance.csproj", "{22750662-CB35-467C-96E9-9E083CB13BA6}"
EndProject
Global
	GlobalSection(SolutionConfigurationPlatforms) = preSolution
		Debug|Any CPU = Debug|Any CPU
		Release|Any CPU = Release|Any CPU
	EndGlobalSection
	GlobalSection(ProjectConfigurationPlatforms) = postSolution
		{22750662-CB35-467C-96E9-9E083CB13BA6}.Debug|Any CPU.ActiveCfg = Debug|Any CPU
		{22750662-CB35-467C-96E9-9E083CB13BA6}.Debug|Any CPU.Build.0 = Debug|Any CPU
		{22750662-CB35-467C-96E9-9E083CB13BA6}.Release|Any CPU.ActiveCfg = Release|Any CPU
		{22750662-CB35-467C-96E9-9E083CB13BA6}.Release|Any CPU.Build.0 = Release|Any CPU
	EndGlobalSection
	GlobalSection(SolutionProperties) = preSolution
		HideSolutionNode = FALSE
	EndGlobalSection
	GlobalSection(ExtensibilityGlobals) = postSolution
		SolutionGuid = {17CA9B06-4603-4459-BD0D-974E62099B2C}
	EndGlobalSection
EndGlobal
