
Microsoft Visual Studio Solution File, Format Version 12.00
# Visual Studio Version 17
VisualStudioVersion = 17.7.34202.233
MinimumVisualStudioVersion = 10.0.40219.1
Project("{FAE04EC0-301F-11D3-BF4B-00C04F79EFBC}") = "Payment Card", "Payment Card.csproj", "{F651AC91-83D8-489F-8B5D-F46F50BDC4C6}"
EndProject
Global
	GlobalSection(SolutionConfigurationPlatforms) = preSolution
		Debug|Any CPU = Debug|Any CPU
		Release|Any CPU = Release|Any CPU
	EndGlobalSection
	GlobalSection(ProjectConfigurationPlatforms) = postSolution
		{F651AC91-83D8-489F-8B5D-F46F50BDC4C6}.Debug|Any CPU.ActiveCfg = Debug|Any CPU
		{F651AC91-83D8-489F-8B5D-F46F50BDC4C6}.Debug|Any CPU.Build.0 = Debug|Any CPU
		{F651AC91-83D8-489F-8B5D-F46F50BDC4C6}.Release|Any CPU.ActiveCfg = Release|Any CPU
		{F651AC91-83D8-489F-8B5D-F46F50BDC4C6}.Release|Any CPU.Build.0 = Release|Any CPU
	EndGlobalSection
	GlobalSection(SolutionProperties) = preSolution
		HideSolutionNode = FALSE
	EndGlobalSection
	GlobalSection(ExtensibilityGlobals) = postSolution
		SolutionGuid = {EB20EC92-E290-4F77-8EF5-AC9F93E10727}
	EndGlobalSection
EndGlobal
