
Microsoft Visual Studio Solution File, Format Version 12.00
# Visual Studio Version 17
VisualStudioVersion = 17.7.34202.233
MinimumVisualStudioVersion = 10.0.40219.1
Project("{FAE04EC0-301F-11D3-BF4B-00C04F79EFBC}") = "Room", "Room.csproj", "{467EDC5B-A72A-4B94-AD61-7B7624F44187}"
EndProject
Global
	GlobalSection(SolutionConfigurationPlatforms) = preSolution
		Debug|Any CPU = Debug|Any CPU
		Release|Any CPU = Release|Any CPU
	EndGlobalSection
	GlobalSection(ProjectConfigurationPlatforms) = postSolution
		{467EDC5B-A72A-4B94-AD61-7B7624F44187}.Debug|Any CPU.ActiveCfg = Debug|Any CPU
		{467EDC5B-A72A-4B94-AD61-7B7624F44187}.Debug|Any CPU.Build.0 = Debug|Any CPU
		{467EDC5B-A72A-4B94-AD61-7B7624F44187}.Release|Any CPU.ActiveCfg = Release|Any CPU
		{467EDC5B-A72A-4B94-AD61-7B7624F44187}.Release|Any CPU.Build.0 = Release|Any CPU
	EndGlobalSection
	GlobalSection(SolutionProperties) = preSolution
		HideSolutionNode = FALSE
	EndGlobalSection
	GlobalSection(ExtensibilityGlobals) = postSolution
		SolutionGuid = {AC138762-0928-43A7-8AEC-E312C1ABCF67}
	EndGlobalSection
EndGlobal
